
Microsoft Visual Studio Solution File, Format Version 12.00
# Visual Studio 15
VisualStudioVersion = 15.0.28307.1231
MinimumVisualStudioVersion = 10.0.40219.1
Project("{FAE04EC0-301F-11D3-BF4B-00C04F79EFBC}") = "RazorPagesMovie", "RazorPagesMovie\RazorPagesMovie.csproj", "{3B8CFA44-065C-4F7C-93C0-58469097FF13}"
EndProject
Global
	GlobalSection(SolutionConfigurationPlatforms) = preSolution
		Debug|Any CPU = Debug|Any CPU
		Release|Any CPU = Release|Any CPU
	EndGlobalSection
	GlobalSection(ProjectConfigurationPlatforms) = postSolution
		{3B8CFA44-065C-4F7C-93C0-58469097FF13}.Debug|Any CPU.ActiveCfg = Debug|Any CPU
		{3B8CFA44-065C-4F7C-93C0-58469097FF13}.Debug|Any CPU.Build.0 = Debug|Any CPU
		{3B8CFA44-065C-4F7C-93C0-58469097FF13}.Release|Any CPU.ActiveCfg = Release|Any CPU
		{3B8CFA44-065C-4F7C-93C0-58469097FF13}.Release|Any CPU.Build.0 = Release|Any CPU
	EndGlobalSection
	GlobalSection(SolutionProperties) = preSolution
		HideSolutionNode = FALSE
	EndGlobalSection
	GlobalSection(ExtensibilityGlobals) = postSolution
		SolutionGuid = {50D723C7-B6B2-42F7-8C9C-B24E07BD814C}
	EndGlobalSection
EndGlobal
